// !$*UTF8*$!
{
	archiveVersion = 1;
	classes = {
	};
	objectVersion = 52;
	objects = {

/* Begin PBXBuildFile section */
		8F3D1F682729D3D900BB027B /* AppDelegate.swift in Sources */ = {isa = PBXBuildFile; fileRef = 8F3D1F672729D3D900BB027B /* AppDelegate.swift */; };
		8F3D1F6A2729D3D900BB027B /* SceneDelegate.swift in Sources */ = {isa = PBXBuildFile; fileRef = 8F3D1F692729D3D900BB027B /* SceneDelegate.swift */; };
		8F3D1F6C2729D3D900BB027B /* ViewController.swift in Sources */ = {isa = PBXBuildFile; fileRef = 8F3D1F6B2729D3D900BB027B /* ViewController.swift */; };
		8F3D1F712729D3DC00BB027B /* Assets.xcassets in Resources */ = {isa = PBXBuildFile; fileRef = 8F3D1F702729D3DC00BB027B /* Assets.xcassets */; };
		8F3D1F742729D3DC00BB027B /* LaunchScreen.storyboard in Resources */ = {isa = PBXBuildFile; fileRef = 8F3D1F722729D3DC00BB027B /* LaunchScreen.storyboard */; };
		8F3D1F7F272A03FC00BB027B /* AuthContainer.swift in Sources */ = {isa = PBXBuildFile; fileRef = 8F3D1F7E272A03FC00BB027B /* AuthContainer.swift */; };
		8F3D1F81272A040700BB027B /* AuthController.swift in Sources */ = {isa = PBXBuildFile; fileRef = 8F3D1F80272A040700BB027B /* AuthController.swift */; };
		8F3D1F83272A040C00BB027B /* AuthViewController.swift in Sources */ = {isa = PBXBuildFile; fileRef = 8F3D1F82272A040C00BB027B /* AuthViewController.swift */; };
		8F3D1F86272A048F00BB027B /* PinLayout in Frameworks */ = {isa = PBXBuildFile; productRef = 8F3D1F85272A048F00BB027B /* PinLayout */; };
		8F3D1F89272A04B000BB027B /* Alamofire in Frameworks */ = {isa = PBXBuildFile; productRef = 8F3D1F88272A04B000BB027B /* Alamofire */; };
/* End PBXBuildFile section */

/* Begin PBXFileReference section */
		8F3D1F642729D3D900BB027B /* necropolis.app */ = {isa = PBXFileReference; explicitFileType = wrapper.application; includeInIndex = 0; path = necropolis.app; sourceTree = BUILT_PRODUCTS_DIR; };
		8F3D1F672729D3D900BB027B /* AppDelegate.swift */ = {isa = PBXFileReference; lastKnownFileType = sourcecode.swift; path = AppDelegate.swift; sourceTree = "<group>"; };
		8F3D1F692729D3D900BB027B /* SceneDelegate.swift */ = {isa = PBXFileReference; lastKnownFileType = sourcecode.swift; path = SceneDelegate.swift; sourceTree = "<group>"; };
		8F3D1F6B2729D3D900BB027B /* ViewController.swift */ = {isa = PBXFileReference; lastKnownFileType = sourcecode.swift; path = ViewController.swift; sourceTree = "<group>"; };
		8F3D1F702729D3DC00BB027B /* Assets.xcassets */ = {isa = PBXFileReference; lastKnownFileType = folder.assetcatalog; path = Assets.xcassets; sourceTree = "<group>"; };
		8F3D1F732729D3DC00BB027B /* Base */ = {isa = PBXFileReference; lastKnownFileType = file.storyboard; name = Base; path = Base.lproj/LaunchScreen.storyboard; sourceTree = "<group>"; };
		8F3D1F752729D3DC00BB027B /* Info.plist */ = {isa = PBXFileReference; lastKnownFileType = text.plist.xml; path = Info.plist; sourceTree = "<group>"; };
		8F3D1F7E272A03FC00BB027B /* AuthContainer.swift */ = {isa = PBXFileReference; fileEncoding = 4; lastKnownFileType = sourcecode.swift; path = AuthContainer.swift; sourceTree = "<group>"; };
		8F3D1F80272A040700BB027B /* AuthController.swift */ = {isa = PBXFileReference; fileEncoding = 4; lastKnownFileType = sourcecode.swift; path = AuthController.swift; sourceTree = "<group>"; };
		8F3D1F82272A040C00BB027B /* AuthViewController.swift */ = {isa = PBXFileReference; fileEncoding = 4; lastKnownFileType = sourcecode.swift; path = AuthViewController.swift; sourceTree = "<group>"; };
/* End PBXFileReference section */

/* Begin PBXFrameworksBuildPhase section */
		8F3D1F612729D3D900BB027B /* Frameworks */ = {
			isa = PBXFrameworksBuildPhase;
			buildActionMask = 2147483647;
			files = (
				8F3D1F86272A048F00BB027B /* PinLayout in Frameworks */,
				8F3D1F89272A04B000BB027B /* Alamofire in Frameworks */,
			);
			runOnlyForDeploymentPostprocessing = 0;
		};
/* End PBXFrameworksBuildPhase section */

/* Begin PBXGroup section */
		8F3D1F5B2729D3D900BB027B = {
			isa = PBXGroup;
			children = (
				8F3D1F662729D3D900BB027B /* necropolis */,
				8F3D1F652729D3D900BB027B /* Products */,
			);
			sourceTree = "<group>";
		};
		8F3D1F652729D3D900BB027B /* Products */ = {
			isa = PBXGroup;
			children = (
				8F3D1F642729D3D900BB027B /* necropolis.app */,
			);
			name = Products;
			sourceTree = "<group>";
		};
		8F3D1F662729D3D900BB027B /* necropolis */ = {
			isa = PBXGroup;
			children = (
				8F3D1F7D272A039F00BB027B /* Auth */,
				8F3D1F672729D3D900BB027B /* AppDelegate.swift */,
				8F3D1F692729D3D900BB027B /* SceneDelegate.swift */,
				8F3D1F6B2729D3D900BB027B /* ViewController.swift */,
				8F3D1F702729D3DC00BB027B /* Assets.xcassets */,
				8F3D1F722729D3DC00BB027B /* LaunchScreen.storyboard */,
				8F3D1F752729D3DC00BB027B /* Info.plist */,
			);
			path = necropolis;
			sourceTree = "<group>";
		};
		8F3D1F7D272A039F00BB027B /* Auth */ = {
			isa = PBXGroup;
			children = (
				8F3D1F82272A040C00BB027B /* AuthViewController.swift */,
				8F3D1F80272A040700BB027B /* AuthController.swift */,
				8F3D1F7E272A03FC00BB027B /* AuthContainer.swift */,
			);
			path = Auth;
			sourceTree = "<group>";
		};
/* End PBXGroup section */

/* Begin PBXNativeTarget section */
		8F3D1F632729D3D900BB027B /* necropolis */ = {
			isa = PBXNativeTarget;
			buildConfigurationList = 8F3D1F782729D3DC00BB027B /* Build configuration list for PBXNativeTarget "necropolis" */;
			buildPhases = (
				8F3D1F602729D3D900BB027B /* Sources */,
				8F3D1F612729D3D900BB027B /* Frameworks */,
				8F3D1F622729D3D900BB027B /* Resources */,
			);
			buildRules = (
			);
			dependencies = (
			);
			name = necropolis;
			packageProductDependencies = (
				8F3D1F85272A048F00BB027B /* PinLayout */,
				8F3D1F88272A04B000BB027B /* Alamofire */,
			);
			productName = necropolis;
			productReference = 8F3D1F642729D3D900BB027B /* necropolis.app */;
			productType = "com.apple.product-type.application";
		};
/* End PBXNativeTarget section */

/* Begin PBXProject section */
		8F3D1F5C2729D3D900BB027B /* Project object */ = {
			isa = PBXProject;
			attributes = {
				LastSwiftUpdateCheck = 1250;
				LastUpgradeCheck = 1250;
				TargetAttributes = {
					8F3D1F632729D3D900BB027B = {
						CreatedOnToolsVersion = 12.5.1;
					};
				};
			};
			buildConfigurationList = 8F3D1F5F2729D3D900BB027B /* Build configuration list for PBXProject "necropolis" */;
			compatibilityVersion = "Xcode 9.3";
			developmentRegion = en;
			hasScannedForEncodings = 0;
			knownRegions = (
				en,
				Base,
			);
			mainGroup = 8F3D1F5B2729D3D900BB027B;
			packageReferences = (
				8F3D1F84272A048F00BB027B /* XCRemoteSwiftPackageReference "PinLayout" */,
				8F3D1F87272A04B000BB027B /* XCRemoteSwiftPackageReference "Alamofire" */,
			);
			productRefGroup = 8F3D1F652729D3D900BB027B /* Products */;
			projectDirPath = "";
			projectRoot = "";
			targets = (
				8F3D1F632729D3D900BB027B /* necropolis */,
			);
		};
/* End PBXProject section */

/* Begin PBXResourcesBuildPhase section */
		8F3D1F622729D3D900BB027B /* Resources */ = {
			isa = PBXResourcesBuildPhase;
			buildActionMask = 2147483647;
			files = (
				8F3D1F742729D3DC00BB027B /* LaunchScreen.storyboard in Resources */,
				8F3D1F712729D3DC00BB027B /* Assets.xcassets in Resources */,
			);
			runOnlyForDeploymentPostprocessing = 0;
		};
/* End PBXResourcesBuildPhase section */

/* Begin PBXSourcesBuildPhase section */
		8F3D1F602729D3D900BB027B /* Sources */ = {
			isa = PBXSourcesBuildPhase;
			buildActionMask = 2147483647;
			files = (
				8F3D1F6C2729D3D900BB027B /* ViewController.swift in Sources */,
				8F3D1F682729D3D900BB027B /* AppDelegate.swift in Sources */,
				8F3D1F81272A040700BB027B /* AuthController.swift in Sources */,
				8F3D1F6A2729D3D900BB027B /* SceneDelegate.swift in Sources */,
				8F3D1F83272A040C00BB027B /* AuthViewController.swift in Sources */,
				8F3D1F7F272A03FC00BB027B /* AuthContainer.swift in Sources */,
			);
			runOnlyForDeploymentPostprocessing = 0;
		};
/* End PBXSourcesBuildPhase section */

/* Begin PBXVariantGroup section */
		8F3D1F722729D3DC00BB027B /* LaunchScreen.storyboard */ = {
			isa = PBXVariantGroup;
			children = (
				8F3D1F732729D3DC00BB027B /* Base */,
			);
			name = LaunchScreen.storyboard;
			sourceTree = "<group>";
		};
/* End PBXVariantGroup section */

/* Begin XCBuildConfiguration section */
		8F3D1F762729D3DC00BB027B /* Debug */ = {
			isa = XCBuildConfiguration;
			buildSettings = {
				ALWAYS_SEARCH_USER_PATHS = NO;
				CLANG_ANALYZER_NONNULL = YES;
				CLANG_ANALYZER_NUMBER_OBJECT_CONVERSION = YES_AGGRESSIVE;
				CLANG_CXX_LANGUAGE_STANDARD = "gnu++14";
				CLANG_CXX_LIBRARY = "libc++";
				CLANG_ENABLE_MODULES = YES;
				CLANG_ENABLE_OBJC_ARC = YES;
				CLANG_ENABLE_OBJC_WEAK = YES;
				CLANG_WARN_BLOCK_CAPTURE_AUTORELEASING = YES;
				CLANG_WARN_BOOL_CONVERSION = YES;
				CLANG_WARN_COMMA = YES;
				CLANG_WARN_CONSTANT_CONVERSION = YES;
				CLANG_WARN_DEPRECATED_OBJC_IMPLEMENTATIONS = YES;
				CLANG_WARN_DIRECT_OBJC_ISA_USAGE = YES_ERROR;
				CLANG_WARN_DOCUMENTATION_COMMENTS = YES;
				CLANG_WARN_EMPTY_BODY = YES;
				CLANG_WARN_ENUM_CONVERSION = YES;
				CLANG_WARN_INFINITE_RECURSION = YES;
				CLANG_WARN_INT_CONVERSION = YES;
				CLANG_WARN_NON_LITERAL_NULL_CONVERSION = YES;
				CLANG_WARN_OBJC_IMPLICIT_RETAIN_SELF = YES;
				CLANG_WARN_OBJC_LITERAL_CONVERSION = YES;
				CLANG_WARN_OBJC_ROOT_CLASS = YES_ERROR;
				CLANG_WARN_QUOTED_INCLUDE_IN_FRAMEWORK_HEADER = YES;
				CLANG_WARN_RANGE_LOOP_ANALYSIS = YES;
				CLANG_WARN_STRICT_PROTOTYPES = YES;
				CLANG_WARN_SUSPICIOUS_MOVE = YES;
				CLANG_WARN_UNGUARDED_AVAILABILITY = YES_AGGRESSIVE;
				CLANG_WARN_UNREACHABLE_CODE = YES;
				CLANG_WARN__DUPLICATE_METHOD_MATCH = YES;
				COPY_PHASE_STRIP = NO;
				DEBUG_INFORMATION_FORMAT = dwarf;
				ENABLE_STRICT_OBJC_MSGSEND = YES;
				ENABLE_TESTABILITY = YES;
				GCC_C_LANGUAGE_STANDARD = gnu11;
				GCC_DYNAMIC_NO_PIC = NO;
				GCC_NO_COMMON_BLOCKS = YES;
				GCC_OPTIMIZATION_LEVEL = 0;
				GCC_PREPROCESSOR_DEFINITIONS = (
					"DEBUG=1",
					"$(inherited)",
				);
				GCC_WARN_64_TO_32_BIT_CONVERSION = YES;
				GCC_WARN_ABOUT_RETURN_TYPE = YES_ERROR;
				GCC_WARN_UNDECLARED_SELECTOR = YES;
				GCC_WARN_UNINITIALIZED_AUTOS = YES_AGGRESSIVE;
				GCC_WARN_UNUSED_FUNCTION = YES;
				GCC_WARN_UNUSED_VARIABLE = YES;
				IPHONEOS_DEPLOYMENT_TARGET = 14.5;
				MTL_ENABLE_DEBUG_INFO = INCLUDE_SOURCE;
				MTL_FAST_MATH = YES;
				ONLY_ACTIVE_ARCH = YES;
				SDKROOT = iphoneos;
				SWIFT_ACTIVE_COMPILATION_CONDITIONS = DEBUG;
				SWIFT_OPTIMIZATION_LEVEL = "-Onone";
			};
			name = Debug;
		};
		8F3D1F772729D3DC00BB027B /* Release */ = {
			isa = XCBuildConfiguration;
			buildSettings = {
				ALWAYS_SEARCH_USER_PATHS = NO;
				CLANG_ANALYZER_NONNULL = YES;
				CLANG_ANALYZER_NUMBER_OBJECT_CONVERSION = YES_AGGRESSIVE;
				CLANG_CXX_LANGUAGE_STANDARD = "gnu++14";
				CLANG_CXX_LIBRARY = "libc++";
				CLANG_ENABLE_MODULES = YES;
				CLANG_ENABLE_OBJC_ARC = YES;
				CLANG_ENABLE_OBJC_WEAK = YES;
				CLANG_WARN_BLOCK_CAPTURE_AUTORELEASING = YES;
				CLANG_WARN_BOOL_CONVERSION = YES;
				CLANG_WARN_COMMA = YES;
				CLANG_WARN_CONSTANT_CONVERSION = YES;
				CLANG_WARN_DEPRECATED_OBJC_IMPLEMENTATIONS = YES;
				CLANG_WARN_DIRECT_OBJC_ISA_USAGE = YES_ERROR;
				CLANG_WARN_DOCUMENTATION_COMMENTS = YES;
				CLANG_WARN_EMPTY_BODY = YES;
				CLANG_WARN_ENUM_CONVERSION = YES;
				CLANG_WARN_INFINITE_RECURSION = YES;
				CLANG_WARN_INT_CONVERSION = YES;
				CLANG_WARN_NON_LITERAL_NULL_CONVERSION = YES;
				CLANG_WARN_OBJC_IMPLICIT_RETAIN_SELF = YES;
				CLANG_WARN_OBJC_LITERAL_CONVERSION = YES;
				CLANG_WARN_OBJC_ROOT_CLASS = YES_ERROR;
				CLANG_WARN_QUOTED_INCLUDE_IN_FRAMEWORK_HEADER = YES;
				CLANG_WARN_RANGE_LOOP_ANALYSIS = YES;
				CLANG_WARN_STRICT_PROTOTYPES = YES;
				CLANG_WARN_SUSPICIOUS_MOVE = YES;
				CLANG_WARN_UNGUARDED_AVAILABILITY = YES_AGGRESSIVE;
				CLANG_WARN_UNREACHABLE_CODE = YES;
				CLANG_WARN__DUPLICATE_METHOD_MATCH = YES;
				COPY_PHASE_STRIP = NO;
				DEBUG_INFORMATION_FORMAT = "dwarf-with-dsym";
				ENABLE_NS_ASSERTIONS = NO;
				ENABLE_STRICT_OBJC_MSGSEND = YES;
				GCC_C_LANGUAGE_STANDARD = gnu11;
				GCC_NO_COMMON_BLOCKS = YES;
				GCC_WARN_64_TO_32_BIT_CONVERSION = YES;
				GCC_WARN_ABOUT_RETURN_TYPE = YES_ERROR;
				GCC_WARN_UNDECLARED_SELECTOR = YES;
				GCC_WARN_UNINITIALIZED_AUTOS = YES_AGGRESSIVE;
				GCC_WARN_UNUSED_FUNCTION = YES;
				GCC_WARN_UNUSED_VARIABLE = YES;
				IPHONEOS_DEPLOYMENT_TARGET = 14.5;
				MTL_ENABLE_DEBUG_INFO = NO;
				MTL_FAST_MATH = YES;
				SDKROOT = iphoneos;
				SWIFT_COMPILATION_MODE = wholemodule;
				SWIFT_OPTIMIZATION_LEVEL = "-O";
				VALIDATE_PRODUCT = YES;
			};
			name = Release;
		};
		8F3D1F792729D3DC00BB027B /* Debug */ = {
			isa = XCBuildConfiguration;
			buildSettings = {
				ASSETCATALOG_COMPILER_APPICON_NAME = AppIcon;
				ASSETCATALOG_COMPILER_GLOBAL_ACCENT_COLOR_NAME = AccentColor;
				CODE_SIGN_STYLE = Automatic;
				INFOPLIST_FILE = necropolis/Info.plist;
				LD_RUNPATH_SEARCH_PATHS = (
					"$(inherited)",
					"@executable_path/Frameworks",
				);
				PRODUCT_BUNDLE_IDENTIFIER = DuckLuckInc.necropolis;
				PRODUCT_NAME = "$(TARGET_NAME)";
				SWIFT_VERSION = 5.0;
				TARGETED_DEVICE_FAMILY = "1,2";
			};
			name = Debug;
		};
		8F3D1F7A2729D3DC00BB027B /* Release */ = {
			isa = XCBuildConfiguration;
			buildSettings = {
				ASSETCATALOG_COMPILER_APPICON_NAME = AppIcon;
				ASSETCATALOG_COMPILER_GLOBAL_ACCENT_COLOR_NAME = AccentColor;
				CODE_SIGN_STYLE = Automatic;
				INFOPLIST_FILE = necropolis/Info.plist;
				LD_RUNPATH_SEARCH_PATHS = (
					"$(inherited)",
					"@executable_path/Frameworks",
				);
				PRODUCT_BUNDLE_IDENTIFIER = DuckLuckInc.necropolis;
				PRODUCT_NAME = "$(TARGET_NAME)";
				SWIFT_VERSION = 5.0;
				TARGETED_DEVICE_FAMILY = "1,2";
			};
			name = Release;
		};
/* End XCBuildConfiguration section */

/* Begin XCConfigurationList section */
		8F3D1F5F2729D3D900BB027B /* Build configuration list for PBXProject "necropolis" */ = {
			isa = XCConfigurationList;
			buildConfigurations = (
				8F3D1F762729D3DC00BB027B /* Debug */,
				8F3D1F772729D3DC00BB027B /* Release */,
			);
			defaultConfigurationIsVisible = 0;
			defaultConfigurationName = Release;
		};
		8F3D1F782729D3DC00BB027B /* Build configuration list for PBXNativeTarget "necropolis" */ = {
			isa = XCConfigurationList;
			buildConfigurations = (
				8F3D1F792729D3DC00BB027B /* Debug */,
				8F3D1F7A2729D3DC00BB027B /* Release */,
			);
			defaultConfigurationIsVisible = 0;
			defaultConfigurationName = Release;
		};
/* End XCConfigurationList section */

/* Begin XCRemoteSwiftPackageReference section */
		8F3D1F84272A048F00BB027B /* XCRemoteSwiftPackageReference "PinLayout" */ = {
			isa = XCRemoteSwiftPackageReference;
			repositoryURL = "https://github.com/layoutBox/PinLayout";
			requirement = {
				kind = upToNextMajorVersion;
				minimumVersion = 1.10.0;
			};
		};
		8F3D1F87272A04B000BB027B /* XCRemoteSwiftPackageReference "Alamofire" */ = {
			isa = XCRemoteSwiftPackageReference;
			repositoryURL = "https://github.com/Alamofire/Alamofire";
			requirement = {
				kind = upToNextMajorVersion;
				minimumVersion = 5.4.4;
			};
		};
/* End XCRemoteSwiftPackageReference section */

/* Begin XCSwiftPackageProductDependency section */
		8F3D1F85272A048F00BB027B /* PinLayout */ = {
			isa = XCSwiftPackageProductDependency;
			package = 8F3D1F84272A048F00BB027B /* XCRemoteSwiftPackageReference "PinLayout" */;
			productName = PinLayout;
		};
		8F3D1F88272A04B000BB027B /* Alamofire */ = {
			isa = XCSwiftPackageProductDependency;
			package = 8F3D1F87272A04B000BB027B /* XCRemoteSwiftPackageReference "Alamofire" */;
			productName = Alamofire;
		};
/* End XCSwiftPackageProductDependency section */
	};
	rootObject = 8F3D1F5C2729D3D900BB027B /* Project object */;
}
